
Microsoft Visual Studio Solution File, Format Version 12.00
# Visual Studio Version 16
VisualStudioVersion = 16.0.28803.452
MinimumVisualStudioVersion = 10.0.40219.1
Project("{FAE04EC0-301F-11D3-BF4B-00C04F79EFBC}") = "EntryAccent.UWP", "EntryAccent\EntryAccent.UWP\EntryAccent.UWP.csproj", "{030E3D9D-20DF-4F19-B802-2F59E81641DD}"
EndProject
Project("{FAE04EC0-301F-11D3-BF4B-00C04F79EFBC}") = "EntryAccent.Android", "EntryAccent\EntryAccent.Android\EntryAccent.Android.csproj", "{2174DEE6-5DDE-4A61-ABA8-ABA5706D5996}"
EndProject
Project("{FAE04EC0-301F-11D3-BF4B-00C04F79EFBC}") = "EntryAccent.iOS", "EntryAccent\EntryAccent.iOS\EntryAccent.iOS.csproj", "{5131174A-D168-43E2-905A-6E3EFFE1DE56}"
EndProject
Project("{FAE04EC0-301F-11D3-BF4B-00C04F79EFBC}") = "EntryAccent", "EntryAccent\EntryAccent\EntryAccent.csproj", "{66FC686A-7F62-44D1-8396-F330B11D3DE2}"
EndProject
Global
	GlobalSection(SolutionConfigurationPlatforms) = preSolution
		Debug|Any CPU = Debug|Any CPU
		Debug|ARM = Debug|ARM
		Debug|iPhone = Debug|iPhone
		Debug|iPhoneSimulator = Debug|iPhoneSimulator
		Debug|x64 = Debug|x64
		Debug|x86 = Debug|x86
		Release|Any CPU = Release|Any CPU
		Release|ARM = Release|ARM
		Release|iPhone = Release|iPhone
		Release|iPhoneSimulator = Release|iPhoneSimulator
		Release|x64 = Release|x64
		Release|x86 = Release|x86
	EndGlobalSection
	GlobalSection(ProjectConfigurationPlatforms) = postSolution
		{030E3D9D-20DF-4F19-B802-2F59E81641DD}.Debug|Any CPU.ActiveCfg = Debug|x86
		{030E3D9D-20DF-4F19-B802-2F59E81641DD}.Debug|Any CPU.Build.0 = Debug|x86
		{030E3D9D-20DF-4F19-B802-2F59E81641DD}.Debug|Any CPU.Deploy.0 = Debug|x86
		{030E3D9D-20DF-4F19-B802-2F59E81641DD}.Debug|ARM.ActiveCfg = Debug|ARM
		{030E3D9D-20DF-4F19-B802-2F59E81641DD}.Debug|ARM.Build.0 = Debug|ARM
		{030E3D9D-20DF-4F19-B802-2F59E81641DD}.Debug|ARM.Deploy.0 = Debug|ARM
		{030E3D9D-20DF-4F19-B802-2F59E81641DD}.Debug|iPhone.ActiveCfg = Debug|x86
		{030E3D9D-20DF-4F19-B802-2F59E81641DD}.Debug|iPhone.Build.0 = Debug|x86
		{030E3D9D-20DF-4F19-B802-2F59E81641DD}.Debug|iPhone.Deploy.0 = Debug|x86
		{030E3D9D-20DF-4F19-B802-2F59E81641DD}.Debug|iPhoneSimulator.ActiveCfg = Debug|x86
		{030E3D9D-20DF-4F19-B802-2F59E81641DD}.Debug|iPhoneSimulator.Build.0 = Debug|x86
		{030E3D9D-20DF-4F19-B802-2F59E81641DD}.Debug|iPhoneSimulator.Deploy.0 = Debug|x86
		{030E3D9D-20DF-4F19-B802-2F59E81641DD}.Debug|x64.ActiveCfg = Debug|x64
		{030E3D9D-20DF-4F19-B802-2F59E81641DD}.Debug|x64.Build.0 = Debug|x64
		{030E3D9D-20DF-4F19-B802-2F59E81641DD}.Debug|x64.Deploy.0 = Debug|x64
		{030E3D9D-20DF-4F19-B802-2F59E81641DD}.Debug|x86.ActiveCfg = Debug|x86
		{030E3D9D-20DF-4F19-B802-2F59E81641DD}.Debug|x86.Build.0 = Debug|x86
		{030E3D9D-20DF-4F19-B802-2F59E81641DD}.Debug|x86.Deploy.0 = Debug|x86
		{030E3D9D-20DF-4F19-B802-2F59E81641DD}.Release|Any CPU.ActiveCfg = Release|x86
		{030E3D9D-20DF-4F19-B802-2F59E81641DD}.Release|Any CPU.Build.0 = Release|x86
		{030E3D9D-20DF-4F19-B802-2F59E81641DD}.Release|Any CPU.Deploy.0 = Release|x86
		{030E3D9D-20DF-4F19-B802-2F59E81641DD}.Release|ARM.ActiveCfg = Release|ARM
		{030E3D9D-20DF-4F19-B802-2F59E81641DD}.Release|ARM.Build.0 = Release|ARM
		{030E3D9D-20DF-4F19-B802-2F59E81641DD}.Release|ARM.Deploy.0 = Release|ARM
		{030E3D9D-20DF-4F19-B802-2F59E81641DD}.Release|iPhone.ActiveCfg = Release|x86
		{030E3D9D-20DF-4F19-B802-2F59E81641DD}.Release|iPhone.Build.0 = Release|x86
		{030E3D9D-20DF-4F19-B802-2F59E81641DD}.Release|iPhone.Deploy.0 = Release|x86
		{030E3D9D-20DF-4F19-B802-2F59E81641DD}.Release|iPhoneSimulator.ActiveCfg = Release|x86
		{030E3D9D-20DF-4F19-B802-2F59E81641DD}.Release|iPhoneSimulator.Build.0 = Release|x86
		{030E3D9D-20DF-4F19-B802-2F59E81641DD}.Release|iPhoneSimulator.Deploy.0 = Release|x86
		{030E3D9D-20DF-4F19-B802-2F59E81641DD}.Release|x64.ActiveCfg = Release|x64
		{030E3D9D-20DF-4F19-B802-2F59E81641DD}.Release|x64.Build.0 = Release|x64
		{030E3D9D-20DF-4F19-B802-2F59E81641DD}.Release|x64.Deploy.0 = Release|x64
		{030E3D9D-20DF-4F19-B802-2F59E81641DD}.Release|x86.ActiveCfg = Release|x86
		{030E3D9D-20DF-4F19-B802-2F59E81641DD}.Release|x86.Build.0 = Release|x86
		{030E3D9D-20DF-4F19-B802-2F59E81641DD}.Release|x86.Deploy.0 = Release|x86
		{2174DEE6-5DDE-4A61-ABA8-ABA5706D5996}.Debug|Any CPU.ActiveCfg = Debug|Any CPU
		{2174DEE6-5DDE-4A61-ABA8-ABA5706D5996}.Debug|Any CPU.Build.0 = Debug|Any CPU
		{2174DEE6-5DDE-4A61-ABA8-ABA5706D5996}.Debug|Any CPU.Deploy.0 = Debug|Any CPU
		{2174DEE6-5DDE-4A61-ABA8-ABA5706D5996}.Debug|ARM.ActiveCfg = Debug|Any CPU
		{2174DEE6-5DDE-4A61-ABA8-ABA5706D5996}.Debug|ARM.Build.0 = Debug|Any CPU
		{2174DEE6-5DDE-4A61-ABA8-ABA5706D5996}.Debug|ARM.Deploy.0 = Debug|Any CPU
		{2174DEE6-5DDE-4A61-ABA8-ABA5706D5996}.Debug|iPhone.ActiveCfg = Debug|Any CPU
		{2174DEE6-5DDE-4A61-ABA8-ABA5706D5996}.Debug|iPhone.Build.0 = Debug|Any CPU
		{2174DEE6-5DDE-4A61-ABA8-ABA5706D5996}.Debug|iPhone.Deploy.0 = Debug|Any CPU
		{2174DEE6-5DDE-4A61-ABA8-ABA5706D5996}.Debug|iPhoneSimulator.ActiveCfg = Debug|Any CPU
		{2174DEE6-5DDE-4A61-ABA8-ABA5706D5996}.Debug|iPhoneSimulator.Build.0 = Debug|Any CPU
		{2174DEE6-5DDE-4A61-ABA8-ABA5706D5996}.Debug|iPhoneSimulator.Deploy.0 = Debug|Any CPU
		{2174DEE6-5DDE-4A61-ABA8-ABA5706D5996}.Debug|x64.ActiveCfg = Debug|Any CPU
		{2174DEE6-5DDE-4A61-ABA8-ABA5706D5996}.Debug|x64.Build.0 = Debug|Any CPU
		{2174DEE6-5DDE-4A61-ABA8-ABA5706D5996}.Debug|x64.Deploy.0 = Debug|Any CPU
		{2174DEE6-5DDE-4A61-ABA8-ABA5706D5996}.Debug|x86.ActiveCfg = Debug|Any CPU
		{2174DEE6-5DDE-4A61-ABA8-ABA5706D5996}.Debug|x86.Build.0 = Debug|Any CPU
		{2174DEE6-5DDE-4A61-ABA8-ABA5706D5996}.Debug|x86.Deploy.0 = Debug|Any CPU
		{2174DEE6-5DDE-4A61-ABA8-ABA5706D5996}.Release|Any CPU.ActiveCfg = Release|Any CPU
		{2174DEE6-5DDE-4A61-ABA8-ABA5706D5996}.Release|Any CPU.Build.0 = Release|Any CPU
		{2174DEE6-5DDE-4A61-ABA8-ABA5706D5996}.Release|Any CPU.Deploy.0 = Release|Any CPU
		{2174DEE6-5DDE-4A61-ABA8-ABA5706D5996}.Release|ARM.ActiveCfg = Release|Any CPU
		{2174DEE6-5DDE-4A61-ABA8-ABA5706D5996}.Release|ARM.Build.0 = Release|Any CPU
		{2174DEE6-5DDE-4A61-ABA8-ABA5706D5996}.Release|ARM.Deploy.0 = Release|Any CPU
		{2174DEE6-5DDE-4A61-ABA8-ABA5706D5996}.Release|iPhone.ActiveCfg = Release|Any CPU
		{2174DEE6-5DDE-4A61-ABA8-ABA5706D5996}.Release|iPhone.Build.0 = Release|Any CPU
		{2174DEE6-5DDE-4A61-ABA8-ABA5706D5996}.Release|iPhone.Deploy.0 = Release|Any CPU
		{2174DEE6-5DDE-4A61-ABA8-ABA5706D5996}.Release|iPhoneSimulator.ActiveCfg = Release|Any CPU
		{2174DEE6-5DDE-4A61-ABA8-ABA5706D5996}.Release|iPhoneSimulator.Build.0 = Release|Any CPU
		{2174DEE6-5DDE-4A61-ABA8-ABA5706D5996}.Release|iPhoneSimulator.Deploy.0 = Release|Any CPU
		{2174DEE6-5DDE-4A61-ABA8-ABA5706D5996}.Release|x64.ActiveCfg = Release|Any CPU
		{2174DEE6-5DDE-4A61-ABA8-ABA5706D5996}.Release|x64.Build.0 = Release|Any CPU
		{2174DEE6-5DDE-4A61-ABA8-ABA5706D5996}.Release|x64.Deploy.0 = Release|Any CPU
		{2174DEE6-5DDE-4A61-ABA8-ABA5706D5996}.Release|x86.ActiveCfg = Release|Any CPU
		{2174DEE6-5DDE-4A61-ABA8-ABA5706D5996}.Release|x86.Build.0 = Release|Any CPU
		{2174DEE6-5DDE-4A61-ABA8-ABA5706D5996}.Release|x86.Deploy.0 = Release|Any CPU
		{5131174A-D168-43E2-905A-6E3EFFE1DE56}.Debug|Any CPU.ActiveCfg = Debug|iPhone
		{5131174A-D168-43E2-905A-6E3EFFE1DE56}.Debug|Any CPU.Build.0 = Debug|iPhone
		{5131174A-D168-43E2-905A-6E3EFFE1DE56}.Debug|Any CPU.Deploy.0 = Debug|iPhone
		{5131174A-D168-43E2-905A-6E3EFFE1DE56}.Debug|ARM.ActiveCfg = Debug|iPhoneSimulator
		{5131174A-D168-43E2-905A-6E3EFFE1DE56}.Debug|ARM.Build.0 = Debug|iPhoneSimulator
		{5131174A-D168-43E2-905A-6E3EFFE1DE56}.Debug|ARM.Deploy.0 = Debug|iPhoneSimulator
		{5131174A-D168-43E2-905A-6E3EFFE1DE56}.Debug|iPhone.ActiveCfg = Debug|iPhone
		{5131174A-D168-43E2-905A-6E3EFFE1DE56}.Debug|iPhone.Build.0 = Debug|iPhone
		{5131174A-D168-43E2-905A-6E3EFFE1DE56}.Debug|iPhone.Deploy.0 = Debug|iPhone
		{5131174A-D168-43E2-905A-6E3EFFE1DE56}.Debug|iPhoneSimulator.ActiveCfg = Debug|iPhoneSimulator
		{5131174A-D168-43E2-905A-6E3EFFE1DE56}.Debug|iPhoneSimulator.Build.0 = Debug|iPhoneSimulator
		{5131174A-D168-43E2-905A-6E3EFFE1DE56}.Debug|iPhoneSimulator.Deploy.0 = Debug|iPhoneSimulator
		{5131174A-D168-43E2-905A-6E3EFFE1DE56}.Debug|x64.ActiveCfg = Debug|iPhone
		{5131174A-D168-43E2-905A-6E3EFFE1DE56}.Debug|x64.Build.0 = Debug|iPhone
		{5131174A-D168-43E2-905A-6E3EFFE1DE56}.Debug|x64.Deploy.0 = Debug|iPhone
		{5131174A-D168-43E2-905A-6E3EFFE1DE56}.Debug|x86.ActiveCfg = Debug|iPhone
		{5131174A-D168-43E2-905A-6E3EFFE1DE56}.Debug|x86.Build.0 = Debug|iPhone
		{5131174A-D168-43E2-905A-6E3EFFE1DE56}.Debug|x86.Deploy.0 = Debug|iPhone
		{5131174A-D168-43E2-905A-6E3EFFE1DE56}.Release|Any CPU.ActiveCfg = Release|iPhone
		{5131174A-D168-43E2-905A-6E3EFFE1DE56}.Release|Any CPU.Build.0 = Release|iPhone
		{5131174A-D168-43E2-905A-6E3EFFE1DE56}.Release|Any CPU.Deploy.0 = Release|iPhone
		{5131174A-D168-43E2-905A-6E3EFFE1DE56}.Release|ARM.ActiveCfg = Release|iPhone
		{5131174A-D168-43E2-905A-6E3EFFE1DE56}.Release|ARM.Build.0 = Release|iPhone
		{5131174A-D168-43E2-905A-6E3EFFE1DE56}.Release|ARM.Deploy.0 = Release|iPhone
		{5131174A-D168-43E2-905A-6E3EFFE1DE56}.Release|iPhone.ActiveCfg = Release|iPhone
		{5131174A-D168-43E2-905A-6E3EFFE1DE56}.Release|iPhone.Build.0 = Release|iPhone
		{5131174A-D168-43E2-905A-6E3EFFE1DE56}.Release|iPhone.Deploy.0 = Release|iPhone
		{5131174A-D168-43E2-905A-6E3EFFE1DE56}.Release|iPhoneSimulator.ActiveCfg = Release|iPhoneSimulator
		{5131174A-D168-43E2-905A-6E3EFFE1DE56}.Release|iPhoneSimulator.Build.0 = Release|iPhoneSimulator
		{5131174A-D168-43E2-905A-6E3EFFE1DE56}.Release|iPhoneSimulator.Deploy.0 = Release|iPhoneSimulator
		{5131174A-D168-43E2-905A-6E3EFFE1DE56}.Release|x64.ActiveCfg = Release|iPhone
		{5131174A-D168-43E2-905A-6E3EFFE1DE56}.Release|x64.Build.0 = Release|iPhone
		{5131174A-D168-43E2-905A-6E3EFFE1DE56}.Release|x64.Deploy.0 = Release|iPhone
		{5131174A-D168-43E2-905A-6E3EFFE1DE56}.Release|x86.ActiveCfg = Release|iPhone
		{5131174A-D168-43E2-905A-6E3EFFE1DE56}.Release|x86.Build.0 = Release|iPhone
		{5131174A-D168-43E2-905A-6E3EFFE1DE56}.Release|x86.Deploy.0 = Release|iPhone
		{66FC686A-7F62-44D1-8396-F330B11D3DE2}.Debug|Any CPU.ActiveCfg = Debug|Any CPU
		{66FC686A-7F62-44D1-8396-F330B11D3DE2}.Debug|Any CPU.Build.0 = Debug|Any CPU
		{66FC686A-7F62-44D1-8396-F330B11D3DE2}.Debug|Any CPU.Deploy.0 = Debug|Any CPU
		{66FC686A-7F62-44D1-8396-F330B11D3DE2}.Debug|ARM.ActiveCfg = Debug|Any CPU
		{66FC686A-7F62-44D1-8396-F330B11D3DE2}.Debug|ARM.Build.0 = Debug|Any CPU
		{66FC686A-7F62-44D1-8396-F330B11D3DE2}.Debug|ARM.Deploy.0 = Debug|Any CPU
		{66FC686A-7F62-44D1-8396-F330B11D3DE2}.Debug|iPhone.ActiveCfg = Debug|Any CPU
		{66FC686A-7F62-44D1-8396-F330B11D3DE2}.Debug|iPhone.Build.0 = Debug|Any CPU
		{66FC686A-7F62-44D1-8396-F330B11D3DE2}.Debug|iPhone.Deploy.0 = Debug|Any CPU
		{66FC686A-7F62-44D1-8396-F330B11D3DE2}.Debug|iPhoneSimulator.ActiveCfg = Debug|Any CPU
		{66FC686A-7F62-44D1-8396-F330B11D3DE2}.Debug|iPhoneSimulator.Build.0 = Debug|Any CPU
		{66FC686A-7F62-44D1-8396-F330B11D3DE2}.Debug|iPhoneSimulator.Deploy.0 = Debug|Any CPU
		{66FC686A-7F62-44D1-8396-F330B11D3DE2}.Debug|x64.ActiveCfg = Debug|Any CPU
		{66FC686A-7F62-44D1-8396-F330B11D3DE2}.Debug|x64.Build.0 = Debug|Any CPU
		{66FC686A-7F62-44D1-8396-F330B11D3DE2}.Debug|x64.Deploy.0 = Debug|Any CPU
		{66FC686A-7F62-44D1-8396-F330B11D3DE2}.Debug|x86.ActiveCfg = Debug|Any CPU
		{66FC686A-7F62-44D1-8396-F330B11D3DE2}.Debug|x86.Build.0 = Debug|Any CPU
		{66FC686A-7F62-44D1-8396-F330B11D3DE2}.Debug|x86.Deploy.0 = Debug|Any CPU
		{66FC686A-7F62-44D1-8396-F330B11D3DE2}.Release|Any CPU.ActiveCfg = Release|Any CPU
		{66FC686A-7F62-44D1-8396-F330B11D3DE2}.Release|Any CPU.Build.0 = Release|Any CPU
		{66FC686A-7F62-44D1-8396-F330B11D3DE2}.Release|Any CPU.Deploy.0 = Release|Any CPU
		{66FC686A-7F62-44D1-8396-F330B11D3DE2}.Release|ARM.ActiveCfg = Release|Any CPU
		{66FC686A-7F62-44D1-8396-F330B11D3DE2}.Release|ARM.Build.0 = Release|Any CPU
		{66FC686A-7F62-44D1-8396-F330B11D3DE2}.Release|ARM.Deploy.0 = Release|Any CPU
		{66FC686A-7F62-44D1-8396-F330B11D3DE2}.Release|iPhone.ActiveCfg = Release|Any CPU
		{66FC686A-7F62-44D1-8396-F330B11D3DE2}.Release|iPhone.Build.0 = Release|Any CPU
		{66FC686A-7F62-44D1-8396-F330B11D3DE2}.Release|iPhone.Deploy.0 = Release|Any CPU
		{66FC686A-7F62-44D1-8396-F330B11D3DE2}.Release|iPhoneSimulator.ActiveCfg = Release|Any CPU
		{66FC686A-7F62-44D1-8396-F330B11D3DE2}.Release|iPhoneSimulator.Build.0 = Release|Any CPU
		{66FC686A-7F62-44D1-8396-F330B11D3DE2}.Release|iPhoneSimulator.Deploy.0 = Release|Any CPU
		{66FC686A-7F62-44D1-8396-F330B11D3DE2}.Release|x64.ActiveCfg = Release|Any CPU
		{66FC686A-7F62-44D1-8396-F330B11D3DE2}.Release|x64.Build.0 = Release|Any CPU
		{66FC686A-7F62-44D1-8396-F330B11D3DE2}.Release|x64.Deploy.0 = Release|Any CPU
		{66FC686A-7F62-44D1-8396-F330B11D3DE2}.Release|x86.ActiveCfg = Release|Any CPU
		{66FC686A-7F62-44D1-8396-F330B11D3DE2}.Release|x86.Build.0 = Release|Any CPU
		{66FC686A-7F62-44D1-8396-F330B11D3DE2}.Release|x86.Deploy.0 = Release|Any CPU
	EndGlobalSection
	GlobalSection(SolutionProperties) = preSolution
		HideSolutionNode = FALSE
	EndGlobalSection
	GlobalSection(ExtensibilityGlobals) = postSolution
		SolutionGuid = {B5D47425-5CE0-45B7-B85A-82327CCE3B5F}
	EndGlobalSection
EndGlobal
